// !$*UTF8*$!
{
	archiveVersion = 1;
	classes = {
	};
	objectVersion = 46;
	objects = {

/* Begin PBXBuildFile section */
		290EB5251ADD1B02002E9ECB /* YQL.swift in Sources */ = {isa = PBXBuildFile; fileRef = 290EB5241ADD1B02002E9ECB /* YQL.swift */; };
		2917B1401ADE568300B1F8E7 /* Apercu-Bold.otf in Resources */ = {isa = PBXBuildFile; fileRef = 2917B1371ADE568300B1F8E7 /* Apercu-Bold.otf */; };
		2917B1411ADE568300B1F8E7 /* Apercu-BoldItalic.otf in Resources */ = {isa = PBXBuildFile; fileRef = 2917B1381ADE568300B1F8E7 /* Apercu-BoldItalic.otf */; };
		2917B1421ADE568300B1F8E7 /* Apercu-Italic.otf in Resources */ = {isa = PBXBuildFile; fileRef = 2917B1391ADE568300B1F8E7 /* Apercu-Italic.otf */; };
		2917B1431ADE568300B1F8E7 /* Apercu-Light.otf in Resources */ = {isa = PBXBuildFile; fileRef = 2917B13A1ADE568300B1F8E7 /* Apercu-Light.otf */; };
		2917B1441ADE568300B1F8E7 /* Apercu-LightItalic.otf in Resources */ = {isa = PBXBuildFile; fileRef = 2917B13B1ADE568300B1F8E7 /* Apercu-LightItalic.otf */; };
		2917B1451ADE568300B1F8E7 /* Apercu-Medium.otf in Resources */ = {isa = PBXBuildFile; fileRef = 2917B13C1ADE568300B1F8E7 /* Apercu-Medium.otf */; };
		2917B1461ADE568300B1F8E7 /* Apercu-MediumItalic.otf in Resources */ = {isa = PBXBuildFile; fileRef = 2917B13D1ADE568300B1F8E7 /* Apercu-MediumItalic.otf */; };
		2917B1471ADE568300B1F8E7 /* Apercu-Mono.otf in Resources */ = {isa = PBXBuildFile; fileRef = 2917B13E1ADE568300B1F8E7 /* Apercu-Mono.otf */; };
		2917B1481ADE568300B1F8E7 /* Apercu-Regular.otf in Resources */ = {isa = PBXBuildFile; fileRef = 2917B13F1ADE568300B1F8E7 /* Apercu-Regular.otf */; };
		2917B1551ADE569C00B1F8E7 /* National-Bold.otf in Resources */ = {isa = PBXBuildFile; fileRef = 2917B1491ADE569C00B1F8E7 /* National-Bold.otf */; };
		2917B1561ADE569C00B1F8E7 /* National-BoldItalic.otf in Resources */ = {isa = PBXBuildFile; fileRef = 2917B14A1ADE569C00B1F8E7 /* National-BoldItalic.otf */; };
		2917B1571ADE569C00B1F8E7 /* National-Book.otf in Resources */ = {isa = PBXBuildFile; fileRef = 2917B14B1ADE569C00B1F8E7 /* National-Book.otf */; };
		2917B1581ADE569C00B1F8E7 /* National-BookItalic.otf in Resources */ = {isa = PBXBuildFile; fileRef = 2917B14C1ADE569C00B1F8E7 /* National-BookItalic.otf */; };
		2917B1591ADE569C00B1F8E7 /* National-Extrabold.otf in Resources */ = {isa = PBXBuildFile; fileRef = 2917B14D1ADE569C00B1F8E7 /* National-Extrabold.otf */; };
		2917B15A1ADE569C00B1F8E7 /* National-ExtraboldItalic.otf in Resources */ = {isa = PBXBuildFile; fileRef = 2917B14E1ADE569C00B1F8E7 /* National-ExtraboldItalic.otf */; };
		2917B15B1ADE569C00B1F8E7 /* National-Medium.otf in Resources */ = {isa = PBXBuildFile; fileRef = 2917B14F1ADE569C00B1F8E7 /* National-Medium.otf */; };
		2917B15C1ADE569C00B1F8E7 /* National-MediumItalic.otf in Resources */ = {isa = PBXBuildFile; fileRef = 2917B1501ADE569C00B1F8E7 /* National-MediumItalic.otf */; };
		2917B15D1ADE569C00B1F8E7 /* National-Regular.otf in Resources */ = {isa = PBXBuildFile; fileRef = 2917B1511ADE569C00B1F8E7 /* National-Regular.otf */; };
		2917B15E1ADE569C00B1F8E7 /* National-RegularItalic.otf in Resources */ = {isa = PBXBuildFile; fileRef = 2917B1521ADE569C00B1F8E7 /* National-RegularItalic.otf */; };
		2917B15F1ADE569C00B1F8E7 /* National-Semibold.otf in Resources */ = {isa = PBXBuildFile; fileRef = 2917B1531ADE569C00B1F8E7 /* National-Semibold.otf */; };
		2917B1601ADE569C00B1F8E7 /* National-SemiboldItalic.otf in Resources */ = {isa = PBXBuildFile; fileRef = 2917B1541ADE569C00B1F8E7 /* National-SemiboldItalic.otf */; };
		2917B1621ADE5FAA00B1F8E7 /* SceneViewController.swift in Sources */ = {isa = PBXBuildFile; fileRef = 2917B1611ADE5FAA00B1F8E7 /* SceneViewController.swift */; };
		299802051ADE969200390964 /* Gitano.mp4 in Resources */ = {isa = PBXBuildFile; fileRef = 299802041ADE969200390964 /* Gitano.mp4 */; };
		7702D7051AD1566200956F54 /* Drop.swift in Sources */ = {isa = PBXBuildFile; fileRef = 7702D7041AD1566200956F54 /* Drop.swift */; };
		770949691AD852FA00781DC1 /* Rain.swift in Sources */ = {isa = PBXBuildFile; fileRef = 770949681AD852FA00781DC1 /* Rain.swift */; };
		77344ABE1AD595F9006C5FC9 /* Cloud.swift in Sources */ = {isa = PBXBuildFile; fileRef = 77344ABD1AD595F9006C5FC9 /* Cloud.swift */; };
		779D74901AD92BD000982565 /* SnowFlake.swift in Sources */ = {isa = PBXBuildFile; fileRef = 779D748F1AD92BD000982565 /* SnowFlake.swift */; };
		779D74921AD9583200982565 /* Wind.swift in Sources */ = {isa = PBXBuildFile; fileRef = 779D74911AD9583200982565 /* Wind.swift */; };
		779D749C1ADB878600982565 /* Snow.swift in Sources */ = {isa = PBXBuildFile; fileRef = 779D749B1ADB878600982565 /* Snow.swift */; };
		779D749E1ADB973600982565 /* Sky.swift in Sources */ = {isa = PBXBuildFile; fileRef = 779D749D1ADB973600982565 /* Sky.swift */; };
		77AEE00D1AE062AD00F972E1 /* Delay.swift in Sources */ = {isa = PBXBuildFile; fileRef = 77AEE00C1AE062AD00F972E1 /* Delay.swift */; };
		77AEE00F1AE0B9B700F972E1 /* SymbolView.swift in Sources */ = {isa = PBXBuildFile; fileRef = 77AEE00E1AE0B9B700F972E1 /* SymbolView.swift */; };
		77DBC29A1AE18BCA00534D8C /* Blow.swift in Sources */ = {isa = PBXBuildFile; fileRef = 77DBC2991AE18BCA00534D8C /* Blow.swift */; };
		77EE71981ADE38B2008B2804 /* IntroView.swift in Sources */ = {isa = PBXBuildFile; fileRef = 77EE71971ADE38B2008B2804 /* IntroView.swift */; };
		77EE719A1ADE38BF008B2804 /* VideoView.swift in Sources */ = {isa = PBXBuildFile; fileRef = 77EE71991ADE38BF008B2804 /* VideoView.swift */; };
		77EE71A11ADEF6A8008B2804 /* IntroViewController.swift in Sources */ = {isa = PBXBuildFile; fileRef = 77EE71A01ADEF6A8008B2804 /* IntroViewController.swift */; };
		77EE71A31ADEF95C008B2804 /* MessageViewController.swift in Sources */ = {isa = PBXBuildFile; fileRef = 77EE71A21ADEF95C008B2804 /* MessageViewController.swift */; };
		77F2A8F61ACDADBA00C5FC98 /* AppDelegate.swift in Sources */ = {isa = PBXBuildFile; fileRef = 77F2A8F51ACDADBA00C5FC98 /* AppDelegate.swift */; };
		77F2A8F81ACDADBA00C5FC98 /* ViewController.swift in Sources */ = {isa = PBXBuildFile; fileRef = 77F2A8F71ACDADBA00C5FC98 /* ViewController.swift */; };
		77F2A8FB1ACDADBA00C5FC98 /* Main.storyboard in Resources */ = {isa = PBXBuildFile; fileRef = 77F2A8F91ACDADBA00C5FC98 /* Main.storyboard */; };
		77F2A8FD1ACDADBA00C5FC98 /* Images.xcassets in Resources */ = {isa = PBXBuildFile; fileRef = 77F2A8FC1ACDADBA00C5FC98 /* Images.xcassets */; };
		77F2A9001ACDADBA00C5FC98 /* LaunchScreen.xib in Resources */ = {isa = PBXBuildFile; fileRef = 77F2A8FE1ACDADBA00C5FC98 /* LaunchScreen.xib */; };
		77F2A90C1ACDADBA00C5FC98 /* GradientWeatherTests.swift in Sources */ = {isa = PBXBuildFile; fileRef = 77F2A90B1ACDADBA00C5FC98 /* GradientWeatherTests.swift */; };
		77F2A9181ACDCC6800C5FC98 /* Gradients.swift in Sources */ = {isa = PBXBuildFile; fileRef = 77F2A9171ACDCC6800C5FC98 /* Gradients.swift */; };
		934B6ACE1ACE9EE000939CAB /* Sun.swift in Sources */ = {isa = PBXBuildFile; fileRef = 934B6ACD1ACE9EE000939CAB /* Sun.swift */; };
		934B6AD01ACEC16700939CAB /* GradientView.swift in Sources */ = {isa = PBXBuildFile; fileRef = 934B6ACF1ACEC16700939CAB /* GradientView.swift */; };
/* End PBXBuildFile section */

/* Begin PBXContainerItemProxy section */
		77F2A9061ACDADBA00C5FC98 /* PBXContainerItemProxy */ = {
			isa = PBXContainerItemProxy;
			containerPortal = 77F2A8E81ACDADBA00C5FC98 /* Project object */;
			proxyType = 1;
			remoteGlobalIDString = 77F2A8EF1ACDADBA00C5FC98;
			remoteInfo = GradientWeather;
		};
/* End PBXContainerItemProxy section */

/* Begin PBXFileReference section */
		290EB5241ADD1B02002E9ECB /* YQL.swift */ = {isa = PBXFileReference; fileEncoding = 4; lastKnownFileType = sourcecode.swift; path = YQL.swift; sourceTree = "<group>"; };
		2917B1371ADE568300B1F8E7 /* Apercu-Bold.otf */ = {isa = PBXFileReference; lastKnownFileType = file; name = "Apercu-Bold.otf"; path = "GradientWeather/Apercu-Bold.otf"; sourceTree = "<group>"; };
		2917B1381ADE568300B1F8E7 /* Apercu-BoldItalic.otf */ = {isa = PBXFileReference; lastKnownFileType = file; name = "Apercu-BoldItalic.otf"; path = "GradientWeather/Apercu-BoldItalic.otf"; sourceTree = "<group>"; };
		2917B1391ADE568300B1F8E7 /* Apercu-Italic.otf */ = {isa = PBXFileReference; lastKnownFileType = file; name = "Apercu-Italic.otf"; path = "GradientWeather/Apercu-Italic.otf"; sourceTree = "<group>"; };
		2917B13A1ADE568300B1F8E7 /* Apercu-Light.otf */ = {isa = PBXFileReference; lastKnownFileType = file; name = "Apercu-Light.otf"; path = "GradientWeather/Apercu-Light.otf"; sourceTree = "<group>"; };
		2917B13B1ADE568300B1F8E7 /* Apercu-LightItalic.otf */ = {isa = PBXFileReference; lastKnownFileType = file; name = "Apercu-LightItalic.otf"; path = "GradientWeather/Apercu-LightItalic.otf"; sourceTree = "<group>"; };
		2917B13C1ADE568300B1F8E7 /* Apercu-Medium.otf */ = {isa = PBXFileReference; lastKnownFileType = file; name = "Apercu-Medium.otf"; path = "GradientWeather/Apercu-Medium.otf"; sourceTree = "<group>"; };
		2917B13D1ADE568300B1F8E7 /* Apercu-MediumItalic.otf */ = {isa = PBXFileReference; lastKnownFileType = file; name = "Apercu-MediumItalic.otf"; path = "GradientWeather/Apercu-MediumItalic.otf"; sourceTree = "<group>"; };
		2917B13E1ADE568300B1F8E7 /* Apercu-Mono.otf */ = {isa = PBXFileReference; lastKnownFileType = file; name = "Apercu-Mono.otf"; path = "GradientWeather/Apercu-Mono.otf"; sourceTree = "<group>"; };
		2917B13F1ADE568300B1F8E7 /* Apercu-Regular.otf */ = {isa = PBXFileReference; lastKnownFileType = file; name = "Apercu-Regular.otf"; path = "GradientWeather/Apercu-Regular.otf"; sourceTree = "<group>"; };
		2917B1491ADE569C00B1F8E7 /* National-Bold.otf */ = {isa = PBXFileReference; lastKnownFileType = file; name = "National-Bold.otf"; path = "GradientWeather/National-Bold.otf"; sourceTree = "<group>"; };
		2917B14A1ADE569C00B1F8E7 /* National-BoldItalic.otf */ = {isa = PBXFileReference; lastKnownFileType = file; name = "National-BoldItalic.otf"; path = "GradientWeather/National-BoldItalic.otf"; sourceTree = "<group>"; };
		2917B14B1ADE569C00B1F8E7 /* National-Book.otf */ = {isa = PBXFileReference; lastKnownFileType = file; name = "National-Book.otf"; path = "GradientWeather/National-Book.otf"; sourceTree = "<group>"; };
		2917B14C1ADE569C00B1F8E7 /* National-BookItalic.otf */ = {isa = PBXFileReference; lastKnownFileType = file; name = "National-BookItalic.otf"; path = "GradientWeather/National-BookItalic.otf"; sourceTree = "<group>"; };
		2917B14D1ADE569C00B1F8E7 /* National-Extrabold.otf */ = {isa = PBXFileReference; lastKnownFileType = file; name = "National-Extrabold.otf"; path = "GradientWeather/National-Extrabold.otf"; sourceTree = "<group>"; };
		2917B14E1ADE569C00B1F8E7 /* National-ExtraboldItalic.otf */ = {isa = PBXFileReference; lastKnownFileType = file; name = "National-ExtraboldItalic.otf"; path = "GradientWeather/National-ExtraboldItalic.otf"; sourceTree = "<group>"; };
		2917B14F1ADE569C00B1F8E7 /* National-Medium.otf */ = {isa = PBXFileReference; lastKnownFileType = file; name = "National-Medium.otf"; path = "GradientWeather/National-Medium.otf"; sourceTree = "<group>"; };
		2917B1501ADE569C00B1F8E7 /* National-MediumItalic.otf */ = {isa = PBXFileReference; lastKnownFileType = file; name = "National-MediumItalic.otf"; path = "GradientWeather/National-MediumItalic.otf"; sourceTree = "<group>"; };
		2917B1511ADE569C00B1F8E7 /* National-Regular.otf */ = {isa = PBXFileReference; lastKnownFileType = file; name = "National-Regular.otf"; path = "GradientWeather/National-Regular.otf"; sourceTree = "<group>"; };
		2917B1521ADE569C00B1F8E7 /* National-RegularItalic.otf */ = {isa = PBXFileReference; lastKnownFileType = file; name = "National-RegularItalic.otf"; path = "GradientWeather/National-RegularItalic.otf"; sourceTree = "<group>"; };
		2917B1531ADE569C00B1F8E7 /* National-Semibold.otf */ = {isa = PBXFileReference; lastKnownFileType = file; name = "National-Semibold.otf"; path = "GradientWeather/National-Semibold.otf"; sourceTree = "<group>"; };
		2917B1541ADE569C00B1F8E7 /* National-SemiboldItalic.otf */ = {isa = PBXFileReference; lastKnownFileType = file; name = "National-SemiboldItalic.otf"; path = "GradientWeather/National-SemiboldItalic.otf"; sourceTree = "<group>"; };
		2917B1611ADE5FAA00B1F8E7 /* SceneViewController.swift */ = {isa = PBXFileReference; fileEncoding = 4; lastKnownFileType = sourcecode.swift; path = SceneViewController.swift; sourceTree = "<group>"; };
		299802041ADE969200390964 /* Gitano.mp4 */ = {isa = PBXFileReference; lastKnownFileType = file; path = Gitano.mp4; sourceTree = "<group>"; };
		7702D7041AD1566200956F54 /* Drop.swift */ = {isa = PBXFileReference; fileEncoding = 4; lastKnownFileType = sourcecode.swift; path = Drop.swift; sourceTree = "<group>"; };
		770949681AD852FA00781DC1 /* Rain.swift */ = {isa = PBXFileReference; fileEncoding = 4; lastKnownFileType = sourcecode.swift; path = Rain.swift; sourceTree = "<group>"; };
		77344ABD1AD595F9006C5FC9 /* Cloud.swift */ = {isa = PBXFileReference; fileEncoding = 4; lastKnownFileType = sourcecode.swift; path = Cloud.swift; sourceTree = "<group>"; };
		779D748F1AD92BD000982565 /* SnowFlake.swift */ = {isa = PBXFileReference; fileEncoding = 4; lastKnownFileType = sourcecode.swift; path = SnowFlake.swift; sourceTree = "<group>"; };
		779D74911AD9583200982565 /* Wind.swift */ = {isa = PBXFileReference; fileEncoding = 4; lastKnownFileType = sourcecode.swift; path = Wind.swift; sourceTree = "<group>"; };
		779D749B1ADB878600982565 /* Snow.swift */ = {isa = PBXFileReference; fileEncoding = 4; lastKnownFileType = sourcecode.swift; path = Snow.swift; sourceTree = "<group>"; };
		779D749D1ADB973600982565 /* Sky.swift */ = {isa = PBXFileReference; fileEncoding = 4; lastKnownFileType = sourcecode.swift; path = Sky.swift; sourceTree = "<group>"; };
		77AEE00C1AE062AD00F972E1 /* Delay.swift */ = {isa = PBXFileReference; fileEncoding = 4; lastKnownFileType = sourcecode.swift; path = Delay.swift; sourceTree = "<group>"; };
		77AEE00E1AE0B9B700F972E1 /* SymbolView.swift */ = {isa = PBXFileReference; fileEncoding = 4; lastKnownFileType = sourcecode.swift; path = SymbolView.swift; sourceTree = "<group>"; };
		77DBC2991AE18BCA00534D8C /* Blow.swift */ = {isa = PBXFileReference; fileEncoding = 4; lastKnownFileType = sourcecode.swift; path = Blow.swift; sourceTree = "<group>"; };
		77EE71971ADE38B2008B2804 /* IntroView.swift */ = {isa = PBXFileReference; fileEncoding = 4; lastKnownFileType = sourcecode.swift; path = IntroView.swift; sourceTree = "<group>"; };
		77EE71991ADE38BF008B2804 /* VideoView.swift */ = {isa = PBXFileReference; fileEncoding = 4; lastKnownFileType = sourcecode.swift; path = VideoView.swift; sourceTree = "<group>"; };
		77EE71A01ADEF6A8008B2804 /* IntroViewController.swift */ = {isa = PBXFileReference; fileEncoding = 4; lastKnownFileType = sourcecode.swift; path = IntroViewController.swift; sourceTree = "<group>"; };
		77EE71A21ADEF95C008B2804 /* MessageViewController.swift */ = {isa = PBXFileReference; fileEncoding = 4; lastKnownFileType = sourcecode.swift; path = MessageViewController.swift; sourceTree = "<group>"; };
		77F2A8F01ACDADBA00C5FC98 /* GradientWeather.app */ = {isa = PBXFileReference; explicitFileType = wrapper.application; includeInIndex = 0; path = GradientWeather.app; sourceTree = BUILT_PRODUCTS_DIR; };
		77F2A8F41ACDADBA00C5FC98 /* Info.plist */ = {isa = PBXFileReference; lastKnownFileType = text.plist.xml; path = Info.plist; sourceTree = "<group>"; };
		77F2A8F51ACDADBA00C5FC98 /* AppDelegate.swift */ = {isa = PBXFileReference; lastKnownFileType = sourcecode.swift; path = AppDelegate.swift; sourceTree = "<group>"; };
		77F2A8F71ACDADBA00C5FC98 /* ViewController.swift */ = {isa = PBXFileReference; lastKnownFileType = sourcecode.swift; path = ViewController.swift; sourceTree = "<group>"; };
		77F2A8FA1ACDADBA00C5FC98 /* Base */ = {isa = PBXFileReference; lastKnownFileType = file.storyboard; name = Base; path = Base.lproj/Main.storyboard; sourceTree = "<group>"; };
		77F2A8FC1ACDADBA00C5FC98 /* Images.xcassets */ = {isa = PBXFileReference; lastKnownFileType = folder.assetcatalog; path = Images.xcassets; sourceTree = "<group>"; };
		77F2A8FF1ACDADBA00C5FC98 /* Base */ = {isa = PBXFileReference; lastKnownFileType = file.xib; name = Base; path = Base.lproj/LaunchScreen.xib; sourceTree = "<group>"; };
		77F2A9051ACDADBA00C5FC98 /* GradientWeatherTests.xctest */ = {isa = PBXFileReference; explicitFileType = wrapper.cfbundle; includeInIndex = 0; path = GradientWeatherTests.xctest; sourceTree = BUILT_PRODUCTS_DIR; };
		77F2A90A1ACDADBA00C5FC98 /* Info.plist */ = {isa = PBXFileReference; lastKnownFileType = text.plist.xml; path = Info.plist; sourceTree = "<group>"; };
		77F2A90B1ACDADBA00C5FC98 /* GradientWeatherTests.swift */ = {isa = PBXFileReference; lastKnownFileType = sourcecode.swift; path = GradientWeatherTests.swift; sourceTree = "<group>"; };
		77F2A9171ACDCC6800C5FC98 /* Gradients.swift */ = {isa = PBXFileReference; fileEncoding = 4; lastKnownFileType = sourcecode.swift; path = Gradients.swift; sourceTree = "<group>"; };
		934B6ACD1ACE9EE000939CAB /* Sun.swift */ = {isa = PBXFileReference; fileEncoding = 4; lastKnownFileType = sourcecode.swift; path = Sun.swift; sourceTree = "<group>"; };
		934B6ACF1ACEC16700939CAB /* GradientView.swift */ = {isa = PBXFileReference; fileEncoding = 4; lastKnownFileType = sourcecode.swift; path = GradientView.swift; sourceTree = "<group>"; };
/* End PBXFileReference section */

/* Begin PBXFrameworksBuildPhase section */
		77F2A8ED1ACDADBA00C5FC98 /* Frameworks */ = {
			isa = PBXFrameworksBuildPhase;
			buildActionMask = 2147483647;
			files = (
			);
			runOnlyForDeploymentPostprocessing = 0;
		};
		77F2A9021ACDADBA00C5FC98 /* Frameworks */ = {
			isa = PBXFrameworksBuildPhase;
			buildActionMask = 2147483647;
			files = (
			);
			runOnlyForDeploymentPostprocessing = 0;
		};
/* End PBXFrameworksBuildPhase section */

/* Begin PBXGroup section */
		2917B1221ADE55FA00B1F8E7 /* National */ = {
			isa = PBXGroup;
			children = (
				2917B1491ADE569C00B1F8E7 /* National-Bold.otf */,
				2917B14A1ADE569C00B1F8E7 /* National-BoldItalic.otf */,
				2917B14B1ADE569C00B1F8E7 /* National-Book.otf */,
				2917B14C1ADE569C00B1F8E7 /* National-BookItalic.otf */,
				2917B14D1ADE569C00B1F8E7 /* National-Extrabold.otf */,
				2917B14E1ADE569C00B1F8E7 /* National-ExtraboldItalic.otf */,
				2917B14F1ADE569C00B1F8E7 /* National-Medium.otf */,
				2917B1501ADE569C00B1F8E7 /* National-MediumItalic.otf */,
				2917B1511ADE569C00B1F8E7 /* National-Regular.otf */,
				2917B1521ADE569C00B1F8E7 /* National-RegularItalic.otf */,
				2917B1531ADE569C00B1F8E7 /* National-Semibold.otf */,
				2917B1541ADE569C00B1F8E7 /* National-SemiboldItalic.otf */,
			);
			name = National;
			sourceTree = "<group>";
		};
		2917B1351ADE561B00B1F8E7 /* Aperçu */ = {
			isa = PBXGroup;
			children = (
				2917B1371ADE568300B1F8E7 /* Apercu-Bold.otf */,
				2917B1381ADE568300B1F8E7 /* Apercu-BoldItalic.otf */,
				2917B1391ADE568300B1F8E7 /* Apercu-Italic.otf */,
				2917B13A1ADE568300B1F8E7 /* Apercu-Light.otf */,
				2917B13B1ADE568300B1F8E7 /* Apercu-LightItalic.otf */,
				2917B13C1ADE568300B1F8E7 /* Apercu-Medium.otf */,
				2917B13D1ADE568300B1F8E7 /* Apercu-MediumItalic.otf */,
				2917B13E1ADE568300B1F8E7 /* Apercu-Mono.otf */,
				2917B13F1ADE568300B1F8E7 /* Apercu-Regular.otf */,
			);
			name = "Aperçu";
			sourceTree = "<group>";
		};
		2917B1361ADE562700B1F8E7 /* Fonts */ = {
			isa = PBXGroup;
			children = (
				2917B1351ADE561B00B1F8E7 /* Aperçu */,
				2917B1221ADE55FA00B1F8E7 /* National */,
			);
			name = Fonts;
			path = ..;
			sourceTree = "<group>";
		};
		299802031ADE967000390964 /* Assets */ = {
			isa = PBXGroup;
			children = (
				299802041ADE969200390964 /* Gitano.mp4 */,
				2917B1361ADE562700B1F8E7 /* Fonts */,
			);
			name = Assets;
			sourceTree = "<group>";
		};
		771CDE641AD8395C003B4005 /* Symbols */ = {
			isa = PBXGroup;
			children = (
				934B6ACD1ACE9EE000939CAB /* Sun.swift */,
				770949681AD852FA00781DC1 /* Rain.swift */,
				7702D7041AD1566200956F54 /* Drop.swift */,
				779D74911AD9583200982565 /* Wind.swift */,
				77DBC2991AE18BCA00534D8C /* Blow.swift */,
				779D749B1ADB878600982565 /* Snow.swift */,
				779D748F1AD92BD000982565 /* SnowFlake.swift */,
				779D749D1ADB973600982565 /* Sky.swift */,
				77344ABD1AD595F9006C5FC9 /* Cloud.swift */,
			);
			name = Symbols;
			sourceTree = "<group>";
		};
		771CDE651AD8396C003B4005 /* MessageView */ = {
			isa = PBXGroup;
			children = (
				77EE71A21ADEF95C008B2804 /* MessageViewController.swift */,
				934B6ACF1ACEC16700939CAB /* GradientView.swift */,
				77F2A9171ACDCC6800C5FC98 /* Gradients.swift */,
				77AEE00E1AE0B9B700F972E1 /* SymbolView.swift */,
				77EE71991ADE38BF008B2804 /* VideoView.swift */,
			);
			name = MessageView;
			sourceTree = "<group>";
		};
		779D74931AD967CD00982565 /* Libraries */ = {
			isa = PBXGroup;
			children = (
				77AEE00C1AE062AD00F972E1 /* Delay.swift */,
				779D74941AD967D400982565 /* Yahoo!Weather */,
			);
			name = Libraries;
			sourceTree = "<group>";
		};
		779D74941AD967D400982565 /* Yahoo!Weather */ = {
			isa = PBXGroup;
			children = (
				290EB5241ADD1B02002E9ECB /* YQL.swift */,
			);
			name = "Yahoo!Weather";
			sourceTree = "<group>";
		};
		77EE719B1ADE38EE008B2804 /* Scene */ = {
			isa = PBXGroup;
			children = (
				77F2A8F71ACDADBA00C5FC98 /* ViewController.swift */,
				2917B1611ADE5FAA00B1F8E7 /* SceneViewController.swift */,
				77EE719C1ADE3911008B2804 /* IntroView */,
				771CDE651AD8396C003B4005 /* MessageView */,
			);
			name = Scene;
			sourceTree = "<group>";
		};
		77EE719C1ADE3911008B2804 /* IntroView */ = {
			isa = PBXGroup;
			children = (
				77EE71A01ADEF6A8008B2804 /* IntroViewController.swift */,
				77EE71971ADE38B2008B2804 /* IntroView.swift */,
			);
			name = IntroView;
			sourceTree = "<group>";
		};
		77F2A8E71ACDADBA00C5FC98 = {
			isa = PBXGroup;
			children = (
				77F2A8F21ACDADBA00C5FC98 /* GradientWeather */,
				77F2A9081ACDADBA00C5FC98 /* GradientWeatherTests */,
				77F2A8F11ACDADBA00C5FC98 /* Products */,
			);
			sourceTree = "<group>";
		};
		77F2A8F11ACDADBA00C5FC98 /* Products */ = {
			isa = PBXGroup;
			children = (
				77F2A8F01ACDADBA00C5FC98 /* GradientWeather.app */,
				77F2A9051ACDADBA00C5FC98 /* GradientWeatherTests.xctest */,
			);
			name = Products;
			sourceTree = "<group>";
		};
		77F2A8F21ACDADBA00C5FC98 /* GradientWeather */ = {
			isa = PBXGroup;
			children = (
				77F2A8F51ACDADBA00C5FC98 /* AppDelegate.swift */,
				77EE719B1ADE38EE008B2804 /* Scene */,
				771CDE641AD8395C003B4005 /* Symbols */,
				779D74931AD967CD00982565 /* Libraries */,
				299802031ADE967000390964 /* Assets */,
				77F2A8F91ACDADBA00C5FC98 /* Main.storyboard */,
				77F2A8FC1ACDADBA00C5FC98 /* Images.xcassets */,
				77F2A8FE1ACDADBA00C5FC98 /* LaunchScreen.xib */,
				77F2A8F31ACDADBA00C5FC98 /* Supporting Files */,
			);
			path = GradientWeather;
			sourceTree = "<group>";
		};
		77F2A8F31ACDADBA00C5FC98 /* Supporting Files */ = {
			isa = PBXGroup;
			children = (
				77F2A8F41ACDADBA00C5FC98 /* Info.plist */,
			);
			name = "Supporting Files";
			sourceTree = "<group>";
		};
		77F2A9081ACDADBA00C5FC98 /* GradientWeatherTests */ = {
			isa = PBXGroup;
			children = (
				77F2A90B1ACDADBA00C5FC98 /* GradientWeatherTests.swift */,
				77F2A9091ACDADBA00C5FC98 /* Supporting Files */,
			);
			path = GradientWeatherTests;
			sourceTree = "<group>";
		};
		77F2A9091ACDADBA00C5FC98 /* Supporting Files */ = {
			isa = PBXGroup;
			children = (
				77F2A90A1ACDADBA00C5FC98 /* Info.plist */,
			);
			name = "Supporting Files";
			sourceTree = "<group>";
		};
/* End PBXGroup section */

/* Begin PBXNativeTarget section */
		77F2A8EF1ACDADBA00C5FC98 /* GradientWeather */ = {
			isa = PBXNativeTarget;
			buildConfigurationList = 77F2A90F1ACDADBA00C5FC98 /* Build configuration list for PBXNativeTarget "GradientWeather" */;
			buildPhases = (
				77F2A8EC1ACDADBA00C5FC98 /* Sources */,
				77F2A8ED1ACDADBA00C5FC98 /* Frameworks */,
				77F2A8EE1ACDADBA00C5FC98 /* Resources */,
			);
			buildRules = (
			);
			dependencies = (
			);
			name = GradientWeather;
			productName = GradientWeather;
			productReference = 77F2A8F01ACDADBA00C5FC98 /* GradientWeather.app */;
			productType = "com.apple.product-type.application";
		};
		77F2A9041ACDADBA00C5FC98 /* GradientWeatherTests */ = {
			isa = PBXNativeTarget;
			buildConfigurationList = 77F2A9121ACDADBA00C5FC98 /* Build configuration list for PBXNativeTarget "GradientWeatherTests" */;
			buildPhases = (
				77F2A9011ACDADBA00C5FC98 /* Sources */,
				77F2A9021ACDADBA00C5FC98 /* Frameworks */,
				77F2A9031ACDADBA00C5FC98 /* Resources */,
			);
			buildRules = (
			);
			dependencies = (
				77F2A9071ACDADBA00C5FC98 /* PBXTargetDependency */,
			);
			name = GradientWeatherTests;
			productName = GradientWeatherTests;
			productReference = 77F2A9051ACDADBA00C5FC98 /* GradientWeatherTests.xctest */;
			productType = "com.apple.product-type.bundle.unit-test";
		};
/* End PBXNativeTarget section */

/* Begin PBXProject section */
		77F2A8E81ACDADBA00C5FC98 /* Project object */ = {
			isa = PBXProject;
			attributes = {
				LastUpgradeCheck = 0620;
				ORGANIZATIONNAME = "Jean-baptiste PENRATH";
				TargetAttributes = {
					77F2A8EF1ACDADBA00C5FC98 = {
						CreatedOnToolsVersion = 6.2;
						DevelopmentTeam = 3RQFQA54Q5;
					};
					77F2A9041ACDADBA00C5FC98 = {
						CreatedOnToolsVersion = 6.2;
						TestTargetID = 77F2A8EF1ACDADBA00C5FC98;
					};
				};
			};
			buildConfigurationList = 77F2A8EB1ACDADBA00C5FC98 /* Build configuration list for PBXProject "GradientWeather" */;
			compatibilityVersion = "Xcode 3.2";
			developmentRegion = English;
			hasScannedForEncodings = 0;
			knownRegions = (
				en,
				Base,
			);
			mainGroup = 77F2A8E71ACDADBA00C5FC98;
			productRefGroup = 77F2A8F11ACDADBA00C5FC98 /* Products */;
			projectDirPath = "";
			projectRoot = "";
			targets = (
				77F2A8EF1ACDADBA00C5FC98 /* GradientWeather */,
				77F2A9041ACDADBA00C5FC98 /* GradientWeatherTests */,
			);
		};
/* End PBXProject section */

/* Begin PBXResourcesBuildPhase section */
		77F2A8EE1ACDADBA00C5FC98 /* Resources */ = {
			isa = PBXResourcesBuildPhase;
			buildActionMask = 2147483647;
			files = (
				2917B1431ADE568300B1F8E7 /* Apercu-Light.otf in Resources */,
				2917B1481ADE568300B1F8E7 /* Apercu-Regular.otf in Resources */,
				2917B1601ADE569C00B1F8E7 /* National-SemiboldItalic.otf in Resources */,
				2917B15C1ADE569C00B1F8E7 /* National-MediumItalic.otf in Resources */,
				2917B1591ADE569C00B1F8E7 /* National-Extrabold.otf in Resources */,
				2917B1581ADE569C00B1F8E7 /* National-BookItalic.otf in Resources */,
				2917B1471ADE568300B1F8E7 /* Apercu-Mono.otf in Resources */,
				2917B1411ADE568300B1F8E7 /* Apercu-BoldItalic.otf in Resources */,
				2917B1421ADE568300B1F8E7 /* Apercu-Italic.otf in Resources */,
				2917B15D1ADE569C00B1F8E7 /* National-Regular.otf in Resources */,
				2917B15B1ADE569C00B1F8E7 /* National-Medium.otf in Resources */,
				2917B15F1ADE569C00B1F8E7 /* National-Semibold.otf in Resources */,
				2917B1571ADE569C00B1F8E7 /* National-Book.otf in Resources */,
				299802051ADE969200390964 /* Gitano.mp4 in Resources */,
				77F2A8FB1ACDADBA00C5FC98 /* Main.storyboard in Resources */,
				2917B1441ADE568300B1F8E7 /* Apercu-LightItalic.otf in Resources */,
				2917B1401ADE568300B1F8E7 /* Apercu-Bold.otf in Resources */,
				2917B1451ADE568300B1F8E7 /* Apercu-Medium.otf in Resources */,
				2917B1461ADE568300B1F8E7 /* Apercu-MediumItalic.otf in Resources */,
				2917B1561ADE569C00B1F8E7 /* National-BoldItalic.otf in Resources */,
				77F2A9001ACDADBA00C5FC98 /* LaunchScreen.xib in Resources */,
				2917B15A1ADE569C00B1F8E7 /* National-ExtraboldItalic.otf in Resources */,
				77F2A8FD1ACDADBA00C5FC98 /* Images.xcassets in Resources */,
				2917B15E1ADE569C00B1F8E7 /* National-RegularItalic.otf in Resources */,
				2917B1551ADE569C00B1F8E7 /* National-Bold.otf in Resources */,
			);
			runOnlyForDeploymentPostprocessing = 0;
		};
		77F2A9031ACDADBA00C5FC98 /* Resources */ = {
			isa = PBXResourcesBuildPhase;
			buildActionMask = 2147483647;
			files = (
			);
			runOnlyForDeploymentPostprocessing = 0;
		};
/* End PBXResourcesBuildPhase section */

/* Begin PBXSourcesBuildPhase section */
		77F2A8EC1ACDADBA00C5FC98 /* Sources */ = {
			isa = PBXSourcesBuildPhase;
			buildActionMask = 2147483647;
			files = (
				934B6ACE1ACE9EE000939CAB /* Sun.swift in Sources */,
				779D749E1ADB973600982565 /* Sky.swift in Sources */,
				779D74921AD9583200982565 /* Wind.swift in Sources */,
				2917B1621ADE5FAA00B1F8E7 /* SceneViewController.swift in Sources */,
				77F2A8F81ACDADBA00C5FC98 /* ViewController.swift in Sources */,
				779D749C1ADB878600982565 /* Snow.swift in Sources */,
				770949691AD852FA00781DC1 /* Rain.swift in Sources */,
				77EE719A1ADE38BF008B2804 /* VideoView.swift in Sources */,
				77EE71A11ADEF6A8008B2804 /* IntroViewController.swift in Sources */,
				77DBC29A1AE18BCA00534D8C /* Blow.swift in Sources */,
				77AEE00D1AE062AD00F972E1 /* Delay.swift in Sources */,
				934B6AD01ACEC16700939CAB /* GradientView.swift in Sources */,
				77EE71A31ADEF95C008B2804 /* MessageViewController.swift in Sources */,
				77EE71981ADE38B2008B2804 /* IntroView.swift in Sources */,
				7702D7051AD1566200956F54 /* Drop.swift in Sources */,
				779D74901AD92BD000982565 /* SnowFlake.swift in Sources */,
				77344ABE1AD595F9006C5FC9 /* Cloud.swift in Sources */,
				77AEE00F1AE0B9B700F972E1 /* SymbolView.swift in Sources */,
				290EB5251ADD1B02002E9ECB /* YQL.swift in Sources */,
				77F2A8F61ACDADBA00C5FC98 /* AppDelegate.swift in Sources */,
				77F2A9181ACDCC6800C5FC98 /* Gradients.swift in Sources */,
			);
			runOnlyForDeploymentPostprocessing = 0;
		};
		77F2A9011ACDADBA00C5FC98 /* Sources */ = {
			isa = PBXSourcesBuildPhase;
			buildActionMask = 2147483647;
			files = (
				77F2A90C1ACDADBA00C5FC98 /* GradientWeatherTests.swift in Sources */,
			);
			runOnlyForDeploymentPostprocessing = 0;
		};
/* End PBXSourcesBuildPhase section */

/* Begin PBXTargetDependency section */
		77F2A9071ACDADBA00C5FC98 /* PBXTargetDependency */ = {
			isa = PBXTargetDependency;
			target = 77F2A8EF1ACDADBA00C5FC98 /* GradientWeather */;
			targetProxy = 77F2A9061ACDADBA00C5FC98 /* PBXContainerItemProxy */;
		};
/* End PBXTargetDependency section */

/* Begin PBXVariantGroup section */
		77F2A8F91ACDADBA00C5FC98 /* Main.storyboard */ = {
			isa = PBXVariantGroup;
			children = (
				77F2A8FA1ACDADBA00C5FC98 /* Base */,
			);
			name = Main.storyboard;
			sourceTree = "<group>";
		};
		77F2A8FE1ACDADBA00C5FC98 /* LaunchScreen.xib */ = {
			isa = PBXVariantGroup;
			children = (
				77F2A8FF1ACDADBA00C5FC98 /* Base */,
			);
			name = LaunchScreen.xib;
			sourceTree = "<group>";
		};
/* End PBXVariantGroup section */

/* Begin XCBuildConfiguration section */
		77F2A90D1ACDADBA00C5FC98 /* Debug */ = {
			isa = XCBuildConfiguration;
			buildSettings = {
				ALWAYS_SEARCH_USER_PATHS = NO;
				CLANG_CXX_LANGUAGE_STANDARD = "gnu++0x";
				CLANG_CXX_LIBRARY = "libc++";
				CLANG_ENABLE_MODULES = YES;
				CLANG_ENABLE_OBJC_ARC = YES;
				CLANG_WARN_BOOL_CONVERSION = YES;
				CLANG_WARN_CONSTANT_CONVERSION = YES;
				CLANG_WARN_DIRECT_OBJC_ISA_USAGE = YES_ERROR;
				CLANG_WARN_EMPTY_BODY = YES;
				CLANG_WARN_ENUM_CONVERSION = YES;
				CLANG_WARN_INT_CONVERSION = YES;
				CLANG_WARN_OBJC_ROOT_CLASS = YES_ERROR;
				CLANG_WARN_UNREACHABLE_CODE = YES;
				CLANG_WARN__DUPLICATE_METHOD_MATCH = YES;
				"CODE_SIGN_IDENTITY[sdk=iphoneos*]" = "iPhone Developer";
				COPY_PHASE_STRIP = NO;
				ENABLE_STRICT_OBJC_MSGSEND = YES;
				GCC_C_LANGUAGE_STANDARD = gnu99;
				GCC_DYNAMIC_NO_PIC = NO;
				GCC_OPTIMIZATION_LEVEL = 0;
				GCC_PREPROCESSOR_DEFINITIONS = (
					"DEBUG=1",
					"$(inherited)",
				);
				GCC_SYMBOLS_PRIVATE_EXTERN = NO;
				GCC_WARN_64_TO_32_BIT_CONVERSION = YES;
				GCC_WARN_ABOUT_RETURN_TYPE = YES_ERROR;
				GCC_WARN_UNDECLARED_SELECTOR = YES;
				GCC_WARN_UNINITIALIZED_AUTOS = YES_AGGRESSIVE;
				GCC_WARN_UNUSED_FUNCTION = YES;
				GCC_WARN_UNUSED_VARIABLE = YES;
				IPHONEOS_DEPLOYMENT_TARGET = 8.2;
				MTL_ENABLE_DEBUG_INFO = YES;
				ONLY_ACTIVE_ARCH = YES;
				SDKROOT = iphoneos;
				SWIFT_OPTIMIZATION_LEVEL = "-Onone";
			};
			name = Debug;
		};
		77F2A90E1ACDADBA00C5FC98 /* Release */ = {
			isa = XCBuildConfiguration;
			buildSettings = {
				ALWAYS_SEARCH_USER_PATHS = NO;
				CLANG_CXX_LANGUAGE_STANDARD = "gnu++0x";
				CLANG_CXX_LIBRARY = "libc++";
				CLANG_ENABLE_MODULES = YES;
				CLANG_ENABLE_OBJC_ARC = YES;
				CLANG_WARN_BOOL_CONVERSION = YES;
				CLANG_WARN_CONSTANT_CONVERSION = YES;
				CLANG_WARN_DIRECT_OBJC_ISA_USAGE = YES_ERROR;
				CLANG_WARN_EMPTY_BODY = YES;
				CLANG_WARN_ENUM_CONVERSION = YES;
				CLANG_WARN_INT_CONVERSION = YES;
				CLANG_WARN_OBJC_ROOT_CLASS = YES_ERROR;
				CLANG_WARN_UNREACHABLE_CODE = YES;
				CLANG_WARN__DUPLICATE_METHOD_MATCH = YES;
				"CODE_SIGN_IDENTITY[sdk=iphoneos*]" = "iPhone Developer";
				COPY_PHASE_STRIP = NO;
				ENABLE_NS_ASSERTIONS = NO;
				ENABLE_STRICT_OBJC_MSGSEND = YES;
				GCC_C_LANGUAGE_STANDARD = gnu99;
				GCC_WARN_64_TO_32_BIT_CONVERSION = YES;
				GCC_WARN_ABOUT_RETURN_TYPE = YES_ERROR;
				GCC_WARN_UNDECLARED_SELECTOR = YES;
				GCC_WARN_UNINITIALIZED_AUTOS = YES_AGGRESSIVE;
				GCC_WARN_UNUSED_FUNCTION = YES;
				GCC_WARN_UNUSED_VARIABLE = YES;
				IPHONEOS_DEPLOYMENT_TARGET = 8.2;
				MTL_ENABLE_DEBUG_INFO = NO;
				SDKROOT = iphoneos;
				VALIDATE_PRODUCT = YES;
			};
			name = Release;
		};
		77F2A9101ACDADBA00C5FC98 /* Debug */ = {
			isa = XCBuildConfiguration;
			buildSettings = {
				ASSETCATALOG_COMPILER_APPICON_NAME = AppIcon;
				CODE_SIGN_IDENTITY = "iPhone Developer";
				INFOPLIST_FILE = GradientWeather/Info.plist;
				LD_RUNPATH_SEARCH_PATHS = "$(inherited) @executable_path/Frameworks";
				PRODUCT_NAME = "$(TARGET_NAME)";
				PROVISIONING_PROFILE = "d484899b-51c1-49ef-a366-9d25f2040612";
				SWIFT_OBJC_BRIDGING_HEADER = "";
			};
			name = Debug;
		};
		77F2A9111ACDADBA00C5FC98 /* Release */ = {
			isa = XCBuildConfiguration;
			buildSettings = {
				ASSETCATALOG_COMPILER_APPICON_NAME = AppIcon;
				CODE_SIGN_IDENTITY = "iPhone Developer";
				INFOPLIST_FILE = GradientWeather/Info.plist;
				LD_RUNPATH_SEARCH_PATHS = "$(inherited) @executable_path/Frameworks";
				PRODUCT_NAME = "$(TARGET_NAME)";
				PROVISIONING_PROFILE = "d484899b-51c1-49ef-a366-9d25f2040612";
				SWIFT_OBJC_BRIDGING_HEADER = "";
			};
			name = Release;
		};
		77F2A9131ACDADBA00C5FC98 /* Debug */ = {
			isa = XCBuildConfiguration;
			buildSettings = {
				BUNDLE_LOADER = "$(TEST_HOST)";
				FRAMEWORK_SEARCH_PATHS = (
					"$(SDKROOT)/Developer/Library/Frameworks",
					"$(inherited)",
				);
				GCC_PREPROCESSOR_DEFINITIONS = (
					"DEBUG=1",
					"$(inherited)",
				);
				INFOPLIST_FILE = GradientWeatherTests/Info.plist;
				LD_RUNPATH_SEARCH_PATHS = "$(inherited) @executable_path/Frameworks @loader_path/Frameworks";
				PRODUCT_NAME = "$(TARGET_NAME)";
				TEST_HOST = "$(BUILT_PRODUCTS_DIR)/GradientWeather.app/GradientWeather";
			};
			name = Debug;
		};
		77F2A9141ACDADBA00C5FC98 /* Release */ = {
			isa = XCBuildConfiguration;
			buildSettings = {
				BUNDLE_LOADER = "$(TEST_HOST)";
				FRAMEWORK_SEARCH_PATHS = (
					"$(SDKROOT)/Developer/Library/Frameworks",
					"$(inherited)",
				);
				INFOPLIST_FILE = GradientWeatherTests/Info.plist;
				LD_RUNPATH_SEARCH_PATHS = "$(inherited) @executable_path/Frameworks @loader_path/Frameworks";
				PRODUCT_NAME = "$(TARGET_NAME)";
				TEST_HOST = "$(BUILT_PRODUCTS_DIR)/GradientWeather.app/GradientWeather";
			};
			name = Release;
		};
/* End XCBuildConfiguration section */

/* Begin XCConfigurationList section */
		77F2A8EB1ACDADBA00C5FC98 /* Build configuration list for PBXProject "GradientWeather" */ = {
			isa = XCConfigurationList;
			buildConfigurations = (
				77F2A90D1ACDADBA00C5FC98 /* Debug */,
				77F2A90E1ACDADBA00C5FC98 /* Release */,
			);
			defaultConfigurationIsVisible = 0;
			defaultConfigurationName = Release;
		};
		77F2A90F1ACDADBA00C5FC98 /* Build configuration list for PBXNativeTarget "GradientWeather" */ = {
			isa = XCConfigurationList;
			buildConfigurations = (
				77F2A9101ACDADBA00C5FC98 /* Debug */,
				77F2A9111ACDADBA00C5FC98 /* Release */,
			);
			defaultConfigurationIsVisible = 0;
			defaultConfigurationName = Release;
		};
		77F2A9121ACDADBA00C5FC98 /* Build configuration list for PBXNativeTarget "GradientWeatherTests" */ = {
			isa = XCConfigurationList;
			buildConfigurations = (
				77F2A9131ACDADBA00C5FC98 /* Debug */,
				77F2A9141ACDADBA00C5FC98 /* Release */,
			);
			defaultConfigurationIsVisible = 0;
			defaultConfigurationName = Release;
		};
/* End XCConfigurationList section */
	};
	rootObject = 77F2A8E81ACDADBA00C5FC98 /* Project object */;
}
